
Microsoft Visual Studio Solution File, Format Version 12.00
# Visual Studio Version 17
VisualStudioVersion = 17.2.32602.215
MinimumVisualStudioVersion = 10.0.40219.1
Project("{9A19103F-16F7-4668-BE54-9A1E7A4F7556}") = "ColorPickerLib", "ColorPickerLib\ColorPickerLib.csproj", "{3446F2C2-E123-4B82-84F7-0883BEE401DA}"
EndProject
Project("{FAE04EC0-301F-11D3-BF4B-00C04F79EFBC}") = "ColorPickerApp", "ColorPickerApp\ColorPickerApp.csproj", "{28614DF8-6DBA-4F51-8A89-C0C690536217}"
EndProject
Global
	GlobalSection(SolutionConfigurationPlatforms) = preSolution
		Debug|Any CPU = Debug|Any CPU
		Release|Any CPU = Release|Any CPU
	EndGlobalSection
	GlobalSection(ProjectConfigurationPlatforms) = postSolution
		{3446F2C2-E123-4B82-84F7-0883BEE401DA}.Debug|Any CPU.ActiveCfg = Debug|Any CPU
		{3446F2C2-E123-4B82-84F7-0883BEE401DA}.Debug|Any CPU.Build.0 = Debug|Any CPU
		{3446F2C2-E123-4B82-84F7-0883BEE401DA}.Release|Any CPU.ActiveCfg = Release|Any CPU
		{3446F2C2-E123-4B82-84F7-0883BEE401DA}.Release|Any CPU.Build.0 = Release|Any CPU
		{28614DF8-6DBA-4F51-8A89-C0C690536217}.Debug|Any CPU.ActiveCfg = Debug|Any CPU
		{28614DF8-6DBA-4F51-8A89-C0C690536217}.Debug|Any CPU.Build.0 = Debug|Any CPU
		{28614DF8-6DBA-4F51-8A89-C0C690536217}.Release|Any CPU.ActiveCfg = Release|Any CPU
		{28614DF8-6DBA-4F51-8A89-C0C690536217}.Release|Any CPU.Build.0 = Release|Any CPU
	EndGlobalSection
	GlobalSection(SolutionProperties) = preSolution
		HideSolutionNode = FALSE
	EndGlobalSection
	GlobalSection(ExtensibilityGlobals) = postSolution
		SolutionGuid = {E3E86D4E-3F6A-4DB3-AAB1-6AFCF1B18D46}
	EndGlobalSection
EndGlobal
