
Microsoft Visual Studio Solution File, Format Version 12.00
# Visual Studio Version 17
VisualStudioVersion = 17.2.32602.215
MinimumVisualStudioVersion = 10.0.40219.1
Project("{FAE04EC0-301F-11D3-BF4B-00C04F79EFBC}") = "XAMLAPP", "XamlApp\XAMLAPP.csproj", "{AECDF9E6-8952-4583-9BB4-A304B1E46831}"
EndProject
Project("{9A19103F-16F7-4668-BE54-9A1E7A4F7556}") = "SDKSampleLibrary", "SDKSampleLibrary\SDKSampleLibrary.csproj", "{055BED46-02DB-473C-97AB-EA713968A7C6}"
EndProject
Global
	GlobalSection(SolutionConfigurationPlatforms) = preSolution
		Debug|Any CPU = Debug|Any CPU
		Debug|x86 = Debug|x86
		Release|Any CPU = Release|Any CPU
		Release|x86 = Release|x86
	EndGlobalSection
	GlobalSection(ProjectConfigurationPlatforms) = postSolution
		{AECDF9E6-8952-4583-9BB4-A304B1E46831}.Debug|Any CPU.ActiveCfg = Debug|x86
		{AECDF9E6-8952-4583-9BB4-A304B1E46831}.Debug|Any CPU.Build.0 = Debug|x86
		{AECDF9E6-8952-4583-9BB4-A304B1E46831}.Debug|x86.ActiveCfg = Debug|x86
		{AECDF9E6-8952-4583-9BB4-A304B1E46831}.Debug|x86.Build.0 = Debug|x86
		{AECDF9E6-8952-4583-9BB4-A304B1E46831}.Release|Any CPU.ActiveCfg = Debug|x86
		{AECDF9E6-8952-4583-9BB4-A304B1E46831}.Release|Any CPU.Build.0 = Debug|x86
		{AECDF9E6-8952-4583-9BB4-A304B1E46831}.Release|x86.ActiveCfg = Debug|x86
		{AECDF9E6-8952-4583-9BB4-A304B1E46831}.Release|x86.Build.0 = Debug|x86
		{055BED46-02DB-473C-97AB-EA713968A7C6}.Debug|Any CPU.ActiveCfg = Debug|Any CPU
		{055BED46-02DB-473C-97AB-EA713968A7C6}.Debug|Any CPU.Build.0 = Debug|Any CPU
		{055BED46-02DB-473C-97AB-EA713968A7C6}.Debug|x86.ActiveCfg = Debug|Any CPU
		{055BED46-02DB-473C-97AB-EA713968A7C6}.Debug|x86.Build.0 = Debug|Any CPU
		{055BED46-02DB-473C-97AB-EA713968A7C6}.Release|Any CPU.ActiveCfg = Release|Any CPU
		{055BED46-02DB-473C-97AB-EA713968A7C6}.Release|Any CPU.Build.0 = Release|Any CPU
		{055BED46-02DB-473C-97AB-EA713968A7C6}.Release|x86.ActiveCfg = Release|Any CPU
		{055BED46-02DB-473C-97AB-EA713968A7C6}.Release|x86.Build.0 = Release|Any CPU
	EndGlobalSection
	GlobalSection(SolutionProperties) = preSolution
		HideSolutionNode = FALSE
	EndGlobalSection
	GlobalSection(ExtensibilityGlobals) = postSolution
		SolutionGuid = {61524242-572B-4BBE-80F7-FA1C03DA1856}
	EndGlobalSection
EndGlobal
