
Microsoft Visual Studio Solution File, Format Version 12.00
# Visual Studio Version 16
VisualStudioVersion = 16.0.30626.31
MinimumVisualStudioVersion = 10.0.40219.1
Project("{9A19103F-16F7-4668-BE54-9A1E7A4F7556}") = "String.Split", "String.Split.csproj", "{E898407B-D4F6-4259-9B35-1864DA5CDD37}"
EndProject
Global
	GlobalSection(SolutionConfigurationPlatforms) = preSolution
		Debug|Any CPU = Debug|Any CPU
		Release|Any CPU = Release|Any CPU
	EndGlobalSection
	GlobalSection(ProjectConfigurationPlatforms) = postSolution
		{E898407B-D4F6-4259-9B35-1864DA5CDD37}.Debug|Any CPU.ActiveCfg = Debug|Any CPU
		{E898407B-D4F6-4259-9B35-1864DA5CDD37}.Debug|Any CPU.Build.0 = Debug|Any CPU
		{E898407B-D4F6-4259-9B35-1864DA5CDD37}.Release|Any CPU.ActiveCfg = Release|Any CPU
		{E898407B-D4F6-4259-9B35-1864DA5CDD37}.Release|Any CPU.Build.0 = Release|Any CPU
	EndGlobalSection
	GlobalSection(SolutionProperties) = preSolution
		HideSolutionNode = FALSE
	EndGlobalSection
	GlobalSection(ExtensibilityGlobals) = postSolution
		SolutionGuid = {1C5E7510-0C16-4037-BEF2-606E8B41A927}
	EndGlobalSection
EndGlobal
