
Microsoft Visual Studio Solution File, Format Version 12.00
# Visual Studio Version 16
VisualStudioVersion = 16.0.30503.244
MinimumVisualStudioVersion = 10.0.40219.1
Project("{FAE04EC0-301F-11D3-BF4B-00C04F79EFBC}") = "String.Split", "String.Split.csproj", "{210B1FA3-4F3F-40FC-B1B6-A72A651F6975}"
EndProject
Global
	GlobalSection(SolutionConfigurationPlatforms) = preSolution
		Debug|Any CPU = Debug|Any CPU
		Release|Any CPU = Release|Any CPU
	EndGlobalSection
	GlobalSection(ProjectConfigurationPlatforms) = postSolution
		{210B1FA3-4F3F-40FC-B1B6-A72A651F6975}.Debug|Any CPU.ActiveCfg = Debug|Any CPU
		{210B1FA3-4F3F-40FC-B1B6-A72A651F6975}.Debug|Any CPU.Build.0 = Debug|Any CPU
		{210B1FA3-4F3F-40FC-B1B6-A72A651F6975}.Release|Any CPU.ActiveCfg = Release|Any CPU
		{210B1FA3-4F3F-40FC-B1B6-A72A651F6975}.Release|Any CPU.Build.0 = Release|Any CPU
	EndGlobalSection
	GlobalSection(SolutionProperties) = preSolution
		HideSolutionNode = FALSE
	EndGlobalSection
	GlobalSection(ExtensibilityGlobals) = postSolution
		SolutionGuid = {B57565C2-EB45-4145-A602-5CD98767B2AA}
	EndGlobalSection
EndGlobal
